
Microsoft Visual Studio Solution File, Format Version 12.00
# Visual Studio Version 17
VisualStudioVersion = 17.3.32804.467
MinimumVisualStudioVersion = 10.0.40219.1
Project("{FAE04EC0-301F-11D3-BF4B-00C04F79EFBC}") = "Hello World", "Hello World\Hello World.csproj", "{D086E34B-5203-4A62-A0F3-E771FCC0DE92}"
EndProject
Global
	GlobalSection(SolutionConfigurationPlatforms) = preSolution
		Debug|Any CPU = Debug|Any CPU
		Release|Any CPU = Release|Any CPU
	EndGlobalSection
	GlobalSection(ProjectConfigurationPlatforms) = postSolution
		{D086E34B-5203-4A62-A0F3-E771FCC0DE92}.Debug|Any CPU.ActiveCfg = Debug|Any CPU
		{D086E34B-5203-4A62-A0F3-E771FCC0DE92}.Debug|Any CPU.Build.0 = Debug|Any CPU
		{D086E34B-5203-4A62-A0F3-E771FCC0DE92}.Release|Any CPU.ActiveCfg = Release|Any CPU
		{D086E34B-5203-4A62-A0F3-E771FCC0DE92}.Release|Any CPU.Build.0 = Release|Any CPU
	EndGlobalSection
	GlobalSection(SolutionProperties) = preSolution
		HideSolutionNode = FALSE
	EndGlobalSection
	GlobalSection(ExtensibilityGlobals) = postSolution
		SolutionGuid = {C6D3BCA2-64D3-4D23-B3BB-17822BA7D5BC}
	EndGlobalSection
EndGlobal
